
Microsoft Visual Studio Solution File, Format Version 12.00
# Visual Studio Version 16
VisualStudioVersion = 16.0.30611.23
MinimumVisualStudioVersion = 10.0.40219.1
Project("{FAE04EC0-301F-11D3-BF4B-00C04F79EFBC}") = "HomeWork4Lesson3", "HomeWork4Lesson3.csproj", "{F1144C57-DD55-4CE1-B1A3-AA48008210A6}"
EndProject
Global
	GlobalSection(SolutionConfigurationPlatforms) = preSolution
		Debug|Any CPU = Debug|Any CPU
		Release|Any CPU = Release|Any CPU
	EndGlobalSection
	GlobalSection(ProjectConfigurationPlatforms) = postSolution
		{F1144C57-DD55-4CE1-B1A3-AA48008210A6}.Debug|Any CPU.ActiveCfg = Debug|Any CPU
		{F1144C57-DD55-4CE1-B1A3-AA48008210A6}.Debug|Any CPU.Build.0 = Debug|Any CPU
		{F1144C57-DD55-4CE1-B1A3-AA48008210A6}.Release|Any CPU.ActiveCfg = Release|Any CPU
		{F1144C57-DD55-4CE1-B1A3-AA48008210A6}.Release|Any CPU.Build.0 = Release|Any CPU
	EndGlobalSection
	GlobalSection(SolutionProperties) = preSolution
		HideSolutionNode = FALSE
	EndGlobalSection
	GlobalSection(ExtensibilityGlobals) = postSolution
		SolutionGuid = {9CA157DD-615B-4A0B-922E-DF281341CCF2}
	EndGlobalSection
EndGlobal
