
Microsoft Visual Studio Solution File, Format Version 12.00
# Visual Studio Version 16
VisualStudioVersion = 16.0.30611.23
MinimumVisualStudioVersion = 10.0.40219.1
Project("{FAE04EC0-301F-11D3-BF4B-00C04F79EFBC}") = "WindowsFormsAppHomeWork2", "WindowsFormsAppHomeWork2.csproj", "{C365EACE-A60D-4C41-A92F-FA838BD125A1}"
EndProject
Global
	GlobalSection(SolutionConfigurationPlatforms) = preSolution
		Debug|Any CPU = Debug|Any CPU
		Release|Any CPU = Release|Any CPU
	EndGlobalSection
	GlobalSection(ProjectConfigurationPlatforms) = postSolution
		{C365EACE-A60D-4C41-A92F-FA838BD125A1}.Debug|Any CPU.ActiveCfg = Debug|Any CPU
		{C365EACE-A60D-4C41-A92F-FA838BD125A1}.Debug|Any CPU.Build.0 = Debug|Any CPU
		{C365EACE-A60D-4C41-A92F-FA838BD125A1}.Release|Any CPU.ActiveCfg = Release|Any CPU
		{C365EACE-A60D-4C41-A92F-FA838BD125A1}.Release|Any CPU.Build.0 = Release|Any CPU
	EndGlobalSection
	GlobalSection(SolutionProperties) = preSolution
		HideSolutionNode = FALSE
	EndGlobalSection
	GlobalSection(ExtensibilityGlobals) = postSolution
		SolutionGuid = {AC47F8F5-51BA-4E51-9D60-B1C4E2F31446}
	EndGlobalSection
EndGlobal
