
Microsoft Visual Studio Solution File, Format Version 12.00
# Visual Studio Version 16
VisualStudioVersion = 16.0.30611.23
MinimumVisualStudioVersion = 10.0.40219.1
Project("{FAE04EC0-301F-11D3-BF4B-00C04F79EFBC}") = "HomeWork3Lesson3", "HomeWork3Lesson3.csproj", "{DFB20418-2640-4FD8-8FBE-08E51AD4D90B}"
EndProject
Global
	GlobalSection(SolutionConfigurationPlatforms) = preSolution
		Debug|Any CPU = Debug|Any CPU
		Release|Any CPU = Release|Any CPU
	EndGlobalSection
	GlobalSection(ProjectConfigurationPlatforms) = postSolution
		{DFB20418-2640-4FD8-8FBE-08E51AD4D90B}.Debug|Any CPU.ActiveCfg = Debug|Any CPU
		{DFB20418-2640-4FD8-8FBE-08E51AD4D90B}.Debug|Any CPU.Build.0 = Debug|Any CPU
		{DFB20418-2640-4FD8-8FBE-08E51AD4D90B}.Release|Any CPU.ActiveCfg = Release|Any CPU
		{DFB20418-2640-4FD8-8FBE-08E51AD4D90B}.Release|Any CPU.Build.0 = Release|Any CPU
	EndGlobalSection
	GlobalSection(SolutionProperties) = preSolution
		HideSolutionNode = FALSE
	EndGlobalSection
	GlobalSection(ExtensibilityGlobals) = postSolution
		SolutionGuid = {BB45431D-BD5F-49DF-A66B-568813D69B0D}
	EndGlobalSection
EndGlobal
