
Microsoft Visual Studio Solution File, Format Version 12.00
# Visual Studio Version 16
VisualStudioVersion = 16.0.30611.23
MinimumVisualStudioVersion = 10.0.40219.1
Project("{FAE04EC0-301F-11D3-BF4B-00C04F79EFBC}") = "HomeWork2 Lesson 3", "HomeWork2 Lesson 3.csproj", "{C9A2C7BB-DB6F-4CA9-BE64-899D34DDC08A}"
EndProject
Global
	GlobalSection(SolutionConfigurationPlatforms) = preSolution
		Debug|Any CPU = Debug|Any CPU
		Release|Any CPU = Release|Any CPU
	EndGlobalSection
	GlobalSection(ProjectConfigurationPlatforms) = postSolution
		{C9A2C7BB-DB6F-4CA9-BE64-899D34DDC08A}.Debug|Any CPU.ActiveCfg = Debug|Any CPU
		{C9A2C7BB-DB6F-4CA9-BE64-899D34DDC08A}.Debug|Any CPU.Build.0 = Debug|Any CPU
		{C9A2C7BB-DB6F-4CA9-BE64-899D34DDC08A}.Release|Any CPU.ActiveCfg = Release|Any CPU
		{C9A2C7BB-DB6F-4CA9-BE64-899D34DDC08A}.Release|Any CPU.Build.0 = Release|Any CPU
	EndGlobalSection
	GlobalSection(SolutionProperties) = preSolution
		HideSolutionNode = FALSE
	EndGlobalSection
	GlobalSection(ExtensibilityGlobals) = postSolution
		SolutionGuid = {9BCBC651-5032-433B-83DC-BAC51F3A76E4}
	EndGlobalSection
EndGlobal
